
Microsoft Visual Studio Solution File, Format Version 12.00
# Visual Studio 15
VisualStudioVersion = 15.0.28307.645
MinimumVisualStudioVersion = 10.0.40219.1
Project("{FAE04EC0-301F-11D3-BF4B-00C04F79EFBC}") = "PointerMoved", "PointerMoved\PointerMoved.csproj", "{42B40504-F2A5-4AAC-8642-F9A39CF8F745}"
EndProject
Project("{8BC9CEB8-8B4A-11D0-8D11-00A0C91BC942}") = "WindowsRuntimeComponent1", "WindowsRuntimeComponent1\WindowsRuntimeComponent1.vcxproj", "{B6A39724-ED7A-4CD6-9EC3-D624A99EA697}"
EndProject
Global
	GlobalSection(SolutionConfigurationPlatforms) = preSolution
		Debug|ARM = Debug|ARM
		Debug|ARM64 = Debug|ARM64
		Debug|x64 = Debug|x64
		Debug|x86 = Debug|x86
		Release|ARM = Release|ARM
		Release|ARM64 = Release|ARM64
		Release|x64 = Release|x64
		Release|x86 = Release|x86
	EndGlobalSection
	GlobalSection(ProjectConfigurationPlatforms) = postSolution
		{42B40504-F2A5-4AAC-8642-F9A39CF8F745}.Debug|ARM.ActiveCfg = Debug|ARM
		{42B40504-F2A5-4AAC-8642-F9A39CF8F745}.Debug|ARM.Build.0 = Debug|ARM
		{42B40504-F2A5-4AAC-8642-F9A39CF8F745}.Debug|ARM.Deploy.0 = Debug|ARM
		{42B40504-F2A5-4AAC-8642-F9A39CF8F745}.Debug|ARM64.ActiveCfg = Debug|ARM64
		{42B40504-F2A5-4AAC-8642-F9A39CF8F745}.Debug|ARM64.Build.0 = Debug|ARM64
		{42B40504-F2A5-4AAC-8642-F9A39CF8F745}.Debug|ARM64.Deploy.0 = Debug|ARM64
		{42B40504-F2A5-4AAC-8642-F9A39CF8F745}.Debug|x64.ActiveCfg = Debug|x64
		{42B40504-F2A5-4AAC-8642-F9A39CF8F745}.Debug|x64.Build.0 = Debug|x64
		{42B40504-F2A5-4AAC-8642-F9A39CF8F745}.Debug|x64.Deploy.0 = Debug|x64
		{42B40504-F2A5-4AAC-8642-F9A39CF8F745}.Debug|x86.ActiveCfg = Debug|x86
		{42B40504-F2A5-4AAC-8642-F9A39CF8F745}.Debug|x86.Build.0 = Debug|x86
		{42B40504-F2A5-4AAC-8642-F9A39CF8F745}.Debug|x86.Deploy.0 = Debug|x86
		{42B40504-F2A5-4AAC-8642-F9A39CF8F745}.Release|ARM.ActiveCfg = Release|ARM
		{42B40504-F2A5-4AAC-8642-F9A39CF8F745}.Release|ARM.Build.0 = Release|ARM
		{42B40504-F2A5-4AAC-8642-F9A39CF8F745}.Release|ARM.Deploy.0 = Release|ARM
		{42B40504-F2A5-4AAC-8642-F9A39CF8F745}.Release|ARM64.ActiveCfg = Release|ARM64
		{42B40504-F2A5-4AAC-8642-F9A39CF8F745}.Release|ARM64.Build.0 = Release|ARM64
		{42B40504-F2A5-4AAC-8642-F9A39CF8F745}.Release|ARM64.Deploy.0 = Release|ARM64
		{42B40504-F2A5-4AAC-8642-F9A39CF8F745}.Release|x64.ActiveCfg = Release|x64
		{42B40504-F2A5-4AAC-8642-F9A39CF8F745}.Release|x64.Build.0 = Release|x64
		{42B40504-F2A5-4AAC-8642-F9A39CF8F745}.Release|x64.Deploy.0 = Release|x64
		{42B40504-F2A5-4AAC-8642-F9A39CF8F745}.Release|x86.ActiveCfg = Release|x86
		{42B40504-F2A5-4AAC-8642-F9A39CF8F745}.Release|x86.Build.0 = Release|x86
		{42B40504-F2A5-4AAC-8642-F9A39CF8F745}.Release|x86.Deploy.0 = Release|x86
		{B6A39724-ED7A-4CD6-9EC3-D624A99EA697}.Debug|ARM.ActiveCfg = Debug|ARM
		{B6A39724-ED7A-4CD6-9EC3-D624A99EA697}.Debug|ARM.Build.0 = Debug|ARM
		{B6A39724-ED7A-4CD6-9EC3-D624A99EA697}.Debug|ARM64.ActiveCfg = Debug|ARM64
		{B6A39724-ED7A-4CD6-9EC3-D624A99EA697}.Debug|ARM64.Build.0 = Debug|ARM64
		{B6A39724-ED7A-4CD6-9EC3-D624A99EA697}.Debug|x64.ActiveCfg = Debug|x64
		{B6A39724-ED7A-4CD6-9EC3-D624A99EA697}.Debug|x64.Build.0 = Debug|x64
		{B6A39724-ED7A-4CD6-9EC3-D624A99EA697}.Debug|x86.ActiveCfg = Debug|Win32
		{B6A39724-ED7A-4CD6-9EC3-D624A99EA697}.Debug|x86.Build.0 = Debug|Win32
		{B6A39724-ED7A-4CD6-9EC3-D624A99EA697}.Release|ARM.ActiveCfg = Release|ARM
		{B6A39724-ED7A-4CD6-9EC3-D624A99EA697}.Release|ARM.Build.0 = Release|ARM
		{B6A39724-ED7A-4CD6-9EC3-D624A99EA697}.Release|ARM64.ActiveCfg = Release|ARM64
		{B6A39724-ED7A-4CD6-9EC3-D624A99EA697}.Release|ARM64.Build.0 = Release|ARM64
		{B6A39724-ED7A-4CD6-9EC3-D624A99EA697}.Release|x64.ActiveCfg = Release|x64
		{B6A39724-ED7A-4CD6-9EC3-D624A99EA697}.Release|x64.Build.0 = Release|x64
		{B6A39724-ED7A-4CD6-9EC3-D624A99EA697}.Release|x86.ActiveCfg = Release|Win32
		{B6A39724-ED7A-4CD6-9EC3-D624A99EA697}.Release|x86.Build.0 = Release|Win32
	EndGlobalSection
	GlobalSection(SolutionProperties) = preSolution
		HideSolutionNode = FALSE
	EndGlobalSection
	GlobalSection(ExtensibilityGlobals) = postSolution
		SolutionGuid = {5C078EED-6A54-44C3-A19D-2FC89B2B7F77}
	EndGlobalSection
EndGlobal
